
Microsoft Visual Studio Solution File, Format Version 12.00
# Visual Studio Version 17
VisualStudioVersion = 17.2.32630.192
MinimumVisualStudioVersion = 10.0.40219.1
Project("{FAE04EC0-301F-11D3-BF4B-00C04F79EFBC}") = "Expense Tracker App", "Expense Tracker App.csproj", "{DF7682CA-89A8-4648-BFF7-74CB9D67E265}"
EndProject
Project("{2150E333-8FDC-42A3-9474-1A3956D46DE8}") = "Solution Items", "Solution Items", "{2EABEA39-2ABC-43FF-8CE0-1FDCF91A4106}"
	ProjectSection(SolutionItems) = preProject
		.editorconfig = .editorconfig
	EndProjectSection
EndProject
Global
	GlobalSection(SolutionConfigurationPlatforms) = preSolution
		Debug|Any CPU = Debug|Any CPU
		Release|Any CPU = Release|Any CPU
	EndGlobalSection
	GlobalSection(ProjectConfigurationPlatforms) = postSolution
		{DF7682CA-89A8-4648-BFF7-74CB9D67E265}.Debug|Any CPU.ActiveCfg = Debug|Any CPU
		{DF7682CA-89A8-4648-BFF7-74CB9D67E265}.Debug|Any CPU.Build.0 = Debug|Any CPU
		{DF7682CA-89A8-4648-BFF7-74CB9D67E265}.Release|Any CPU.ActiveCfg = Release|Any CPU
		{DF7682CA-89A8-4648-BFF7-74CB9D67E265}.Release|Any CPU.Build.0 = Release|Any CPU
	EndGlobalSection
	GlobalSection(SolutionProperties) = preSolution
		HideSolutionNode = FALSE
	EndGlobalSection
	GlobalSection(ExtensibilityGlobals) = postSolution
		SolutionGuid = {4922B404-5709-44A0-ABF7-A029EFCF2BB3}
	EndGlobalSection
EndGlobal
